
Microsoft Visual Studio Solution File, Format Version 11.00
# Visual Studio 2010
Project("{FAE04EC0-301F-11D3-BF4B-00C04F79EFBC}") = "zlib.net", "..\zlib.net\zlib.net.csproj", "{0C89B7A2-A218-49E4-B545-5B044A45F977}"
EndProject
Project("{FAE04EC0-301F-11D3-BF4B-00C04F79EFBC}") = "DVBServices", "..\TSDumper.Utility\DVBServices\DVBServices.csproj", "{2162B6D8-871F-4B2E-8D97-0FA2C8DA76D1}"
EndProject
Project("{FAE04EC0-301F-11D3-BF4B-00C04F79EFBC}") = "DomainObjects", "..\TSDumper.Utility\DomainObjects\DomainObjects.csproj", "{691C6EB5-D035-43E6-B3A9-F5131BF09916}"
EndProject
Project("{FAE04EC0-301F-11D3-BF4B-00C04F79EFBC}") = "DirectShow", "..\TSDumper.Utility\DirectShow\DirectShow.csproj", "{5527E0AC-14A4-47CE-AD86-DD3B10DDEA54}"
EndProject
Project("{8BC9CEB8-8B4A-11D0-8D11-00A0C91BC942}") = "TSMemoryShare", "..\PSIMemoryShare\TSMemoryShare.vcxproj", "{275C7C82-BE09-4011-B20B-C3E13CA0A163}"
EndProject
Global
	GlobalSection(SolutionConfigurationPlatforms) = preSolution
		Debug|Any CPU = Debug|Any CPU
		Debug|Mixed Platforms = Debug|Mixed Platforms
		Debug|Win32 = Debug|Win32
		Debug|x64 = Debug|x64
		Debug|x86 = Debug|x86
		Release|Any CPU = Release|Any CPU
		Release|Mixed Platforms = Release|Mixed Platforms
		Release|Win32 = Release|Win32
		Release|x64 = Release|x64
		Release|x86 = Release|x86
	EndGlobalSection
	GlobalSection(ProjectConfigurationPlatforms) = postSolution
		{0C89B7A2-A218-49E4-B545-5B044A45F977}.Debug|Any CPU.ActiveCfg = Debug|Any CPU
		{0C89B7A2-A218-49E4-B545-5B044A45F977}.Debug|Any CPU.Build.0 = Debug|Any CPU
		{0C89B7A2-A218-49E4-B545-5B044A45F977}.Debug|Mixed Platforms.ActiveCfg = Debug|x64
		{0C89B7A2-A218-49E4-B545-5B044A45F977}.Debug|Mixed Platforms.Build.0 = Debug|x64
		{0C89B7A2-A218-49E4-B545-5B044A45F977}.Debug|Win32.ActiveCfg = Debug|x64
		{0C89B7A2-A218-49E4-B545-5B044A45F977}.Debug|x64.ActiveCfg = Debug|x64
		{0C89B7A2-A218-49E4-B545-5B044A45F977}.Debug|x64.Build.0 = Debug|x64
		{0C89B7A2-A218-49E4-B545-5B044A45F977}.Debug|x86.ActiveCfg = Debug|x64
		{0C89B7A2-A218-49E4-B545-5B044A45F977}.Release|Any CPU.ActiveCfg = Release|Any CPU
		{0C89B7A2-A218-49E4-B545-5B044A45F977}.Release|Any CPU.Build.0 = Release|Any CPU
		{0C89B7A2-A218-49E4-B545-5B044A45F977}.Release|Mixed Platforms.ActiveCfg = Release|x64
		{0C89B7A2-A218-49E4-B545-5B044A45F977}.Release|Mixed Platforms.Build.0 = Release|x64
		{0C89B7A2-A218-49E4-B545-5B044A45F977}.Release|Win32.ActiveCfg = Release|x64
		{0C89B7A2-A218-49E4-B545-5B044A45F977}.Release|x64.ActiveCfg = Release|x64
		{0C89B7A2-A218-49E4-B545-5B044A45F977}.Release|x64.Build.0 = Release|x64
		{0C89B7A2-A218-49E4-B545-5B044A45F977}.Release|x86.ActiveCfg = Release|x64
		{2162B6D8-871F-4B2E-8D97-0FA2C8DA76D1}.Debug|Any CPU.ActiveCfg = Debug|Any CPU
		{2162B6D8-871F-4B2E-8D97-0FA2C8DA76D1}.Debug|Any CPU.Build.0 = Debug|Any CPU
		{2162B6D8-871F-4B2E-8D97-0FA2C8DA76D1}.Debug|Mixed Platforms.ActiveCfg = Debug|x64
		{2162B6D8-871F-4B2E-8D97-0FA2C8DA76D1}.Debug|Mixed Platforms.Build.0 = Debug|x64
		{2162B6D8-871F-4B2E-8D97-0FA2C8DA76D1}.Debug|Win32.ActiveCfg = Debug|x64
		{2162B6D8-871F-4B2E-8D97-0FA2C8DA76D1}.Debug|x64.ActiveCfg = Debug|x64
		{2162B6D8-871F-4B2E-8D97-0FA2C8DA76D1}.Debug|x64.Build.0 = Debug|x64
		{2162B6D8-871F-4B2E-8D97-0FA2C8DA76D1}.Debug|x86.ActiveCfg = Debug|x86
		{2162B6D8-871F-4B2E-8D97-0FA2C8DA76D1}.Debug|x86.Build.0 = Debug|x86
		{2162B6D8-871F-4B2E-8D97-0FA2C8DA76D1}.Release|Any CPU.ActiveCfg = Release|Any CPU
		{2162B6D8-871F-4B2E-8D97-0FA2C8DA76D1}.Release|Any CPU.Build.0 = Release|Any CPU
		{2162B6D8-871F-4B2E-8D97-0FA2C8DA76D1}.Release|Mixed Platforms.ActiveCfg = Release|x64
		{2162B6D8-871F-4B2E-8D97-0FA2C8DA76D1}.Release|Mixed Platforms.Build.0 = Release|x64
		{2162B6D8-871F-4B2E-8D97-0FA2C8DA76D1}.Release|Win32.ActiveCfg = Release|x64
		{2162B6D8-871F-4B2E-8D97-0FA2C8DA76D1}.Release|x64.ActiveCfg = Release|x64
		{2162B6D8-871F-4B2E-8D97-0FA2C8DA76D1}.Release|x64.Build.0 = Release|x64
		{2162B6D8-871F-4B2E-8D97-0FA2C8DA76D1}.Release|x86.ActiveCfg = Release|x86
		{2162B6D8-871F-4B2E-8D97-0FA2C8DA76D1}.Release|x86.Build.0 = Release|x86
		{691C6EB5-D035-43E6-B3A9-F5131BF09916}.Debug|Any CPU.ActiveCfg = Debug|Any CPU
		{691C6EB5-D035-43E6-B3A9-F5131BF09916}.Debug|Any CPU.Build.0 = Debug|Any CPU
		{691C6EB5-D035-43E6-B3A9-F5131BF09916}.Debug|Mixed Platforms.ActiveCfg = Debug|x64
		{691C6EB5-D035-43E6-B3A9-F5131BF09916}.Debug|Mixed Platforms.Build.0 = Debug|x64
		{691C6EB5-D035-43E6-B3A9-F5131BF09916}.Debug|Win32.ActiveCfg = Debug|x64
		{691C6EB5-D035-43E6-B3A9-F5131BF09916}.Debug|x64.ActiveCfg = Debug|x64
		{691C6EB5-D035-43E6-B3A9-F5131BF09916}.Debug|x64.Build.0 = Debug|x64
		{691C6EB5-D035-43E6-B3A9-F5131BF09916}.Debug|x86.ActiveCfg = Debug|x86
		{691C6EB5-D035-43E6-B3A9-F5131BF09916}.Debug|x86.Build.0 = Debug|x86
		{691C6EB5-D035-43E6-B3A9-F5131BF09916}.Release|Any CPU.ActiveCfg = Release|Any CPU
		{691C6EB5-D035-43E6-B3A9-F5131BF09916}.Release|Any CPU.Build.0 = Release|Any CPU
		{691C6EB5-D035-43E6-B3A9-F5131BF09916}.Release|Mixed Platforms.ActiveCfg = Release|x64
		{691C6EB5-D035-43E6-B3A9-F5131BF09916}.Release|Mixed Platforms.Build.0 = Release|x64
		{691C6EB5-D035-43E6-B3A9-F5131BF09916}.Release|Win32.ActiveCfg = Release|x64
		{691C6EB5-D035-43E6-B3A9-F5131BF09916}.Release|x64.ActiveCfg = Release|x64
		{691C6EB5-D035-43E6-B3A9-F5131BF09916}.Release|x64.Build.0 = Release|x64
		{691C6EB5-D035-43E6-B3A9-F5131BF09916}.Release|x86.ActiveCfg = Release|x86
		{691C6EB5-D035-43E6-B3A9-F5131BF09916}.Release|x86.Build.0 = Release|x86
		{5527E0AC-14A4-47CE-AD86-DD3B10DDEA54}.Debug|Any CPU.ActiveCfg = Debug|Any CPU
		{5527E0AC-14A4-47CE-AD86-DD3B10DDEA54}.Debug|Any CPU.Build.0 = Debug|Any CPU
		{5527E0AC-14A4-47CE-AD86-DD3B10DDEA54}.Debug|Mixed Platforms.ActiveCfg = Debug|x64
		{5527E0AC-14A4-47CE-AD86-DD3B10DDEA54}.Debug|Mixed Platforms.Build.0 = Debug|x64
		{5527E0AC-14A4-47CE-AD86-DD3B10DDEA54}.Debug|Win32.ActiveCfg = Debug|x64
		{5527E0AC-14A4-47CE-AD86-DD3B10DDEA54}.Debug|x64.ActiveCfg = Debug|x64
		{5527E0AC-14A4-47CE-AD86-DD3B10DDEA54}.Debug|x64.Build.0 = Debug|x64
		{5527E0AC-14A4-47CE-AD86-DD3B10DDEA54}.Debug|x86.ActiveCfg = Debug|x86
		{5527E0AC-14A4-47CE-AD86-DD3B10DDEA54}.Debug|x86.Build.0 = Debug|x86
		{5527E0AC-14A4-47CE-AD86-DD3B10DDEA54}.Release|Any CPU.ActiveCfg = Release|Any CPU
		{5527E0AC-14A4-47CE-AD86-DD3B10DDEA54}.Release|Any CPU.Build.0 = Release|Any CPU
		{5527E0AC-14A4-47CE-AD86-DD3B10DDEA54}.Release|Mixed Platforms.ActiveCfg = Release|x64
		{5527E0AC-14A4-47CE-AD86-DD3B10DDEA54}.Release|Mixed Platforms.Build.0 = Release|x64
		{5527E0AC-14A4-47CE-AD86-DD3B10DDEA54}.Release|Win32.ActiveCfg = Release|x64
		{5527E0AC-14A4-47CE-AD86-DD3B10DDEA54}.Release|x64.ActiveCfg = Release|x64
		{5527E0AC-14A4-47CE-AD86-DD3B10DDEA54}.Release|x64.Build.0 = Release|x64
		{5527E0AC-14A4-47CE-AD86-DD3B10DDEA54}.Release|x86.ActiveCfg = Release|x86
		{5527E0AC-14A4-47CE-AD86-DD3B10DDEA54}.Release|x86.Build.0 = Release|x86
		{275C7C82-BE09-4011-B20B-C3E13CA0A163}.Debug|Any CPU.ActiveCfg = Debug|Win32
		{275C7C82-BE09-4011-B20B-C3E13CA0A163}.Debug|Mixed Platforms.ActiveCfg = Debug|Win32
		{275C7C82-BE09-4011-B20B-C3E13CA0A163}.Debug|Mixed Platforms.Build.0 = Debug|Win32
		{275C7C82-BE09-4011-B20B-C3E13CA0A163}.Debug|Win32.ActiveCfg = Debug|Win32
		{275C7C82-BE09-4011-B20B-C3E13CA0A163}.Debug|Win32.Build.0 = Debug|Win32
		{275C7C82-BE09-4011-B20B-C3E13CA0A163}.Debug|x64.ActiveCfg = Debug|Win32
		{275C7C82-BE09-4011-B20B-C3E13CA0A163}.Debug|x86.ActiveCfg = Debug|Win32
		{275C7C82-BE09-4011-B20B-C3E13CA0A163}.Release|Any CPU.ActiveCfg = Release|Win32
		{275C7C82-BE09-4011-B20B-C3E13CA0A163}.Release|Mixed Platforms.ActiveCfg = Release|Win32
		{275C7C82-BE09-4011-B20B-C3E13CA0A163}.Release|Mixed Platforms.Build.0 = Release|Win32
		{275C7C82-BE09-4011-B20B-C3E13CA0A163}.Release|Win32.ActiveCfg = Release|Win32
		{275C7C82-BE09-4011-B20B-C3E13CA0A163}.Release|Win32.Build.0 = Release|Win32
		{275C7C82-BE09-4011-B20B-C3E13CA0A163}.Release|x64.ActiveCfg = Release|Win32
		{275C7C82-BE09-4011-B20B-C3E13CA0A163}.Release|x86.ActiveCfg = Release|Win32
	EndGlobalSection
	GlobalSection(SolutionProperties) = preSolution
		HideSolutionNode = FALSE
	EndGlobalSection
EndGlobal
