
Microsoft Visual Studio Solution File, Format Version 10.00
# Visual Studio 2008
Project("{8BC9CEB8-8B4A-11D0-8D11-00A0C91BC942}") = "TSMemoryShare", "TSMemoryShare.vcproj", "{275C7C82-BE09-4011-B20B-C3E13CA0A163}"
EndProject
Global
	GlobalSection(SolutionConfigurationPlatforms) = preSolution
		Debug|Win32 = Debug|Win32
		Release|Win32 = Release|Win32
	EndGlobalSection
	GlobalSection(ProjectConfigurationPlatforms) = postSolution
		{275C7C82-BE09-4011-B20B-C3E13CA0A163}.Debug|Win32.ActiveCfg = Debug|Win32
		{275C7C82-BE09-4011-B20B-C3E13CA0A163}.Debug|Win32.Build.0 = Debug|Win32
		{275C7C82-BE09-4011-B20B-C3E13CA0A163}.Release|Win32.ActiveCfg = Release|Win32
		{275C7C82-BE09-4011-B20B-C3E13CA0A163}.Release|Win32.Build.0 = Release|Win32
	EndGlobalSection
	GlobalSection(SolutionProperties) = preSolution
		HideSolutionNode = FALSE
	EndGlobalSection
EndGlobal
